
Microsoft Visual Studio Solution File, Format Version 12.00
# Visual Studio Version 16
VisualStudioVersion = 16.0.30517.126
MinimumVisualStudioVersion = 10.0.40219.1
Project("{FAE04EC0-301F-11D3-BF4B-00C04F79EFBC}") = "VarijableVjezba4", "VarijableVjezba4.csproj", "{F015845D-84CB-4CD6-BECF-AABF00A702CC}"
EndProject
Global
	GlobalSection(SolutionConfigurationPlatforms) = preSolution
		Debug|Any CPU = Debug|Any CPU
		Release|Any CPU = Release|Any CPU
	EndGlobalSection
	GlobalSection(ProjectConfigurationPlatforms) = postSolution
		{F015845D-84CB-4CD6-BECF-AABF00A702CC}.Debug|Any CPU.ActiveCfg = Debug|Any CPU
		{F015845D-84CB-4CD6-BECF-AABF00A702CC}.Debug|Any CPU.Build.0 = Debug|Any CPU
		{F015845D-84CB-4CD6-BECF-AABF00A702CC}.Release|Any CPU.ActiveCfg = Release|Any CPU
		{F015845D-84CB-4CD6-BECF-AABF00A702CC}.Release|Any CPU.Build.0 = Release|Any CPU
	EndGlobalSection
	GlobalSection(SolutionProperties) = preSolution
		HideSolutionNode = FALSE
	EndGlobalSection
	GlobalSection(ExtensibilityGlobals) = postSolution
		SolutionGuid = {6482820F-6C63-42A7-87DB-8ACF8CFFDE24}
	EndGlobalSection
EndGlobal
